
Microsoft Visual Studio Solution File, Format Version 12.00
# Visual Studio 14
VisualStudioVersion = 14.0.25420.1
MinimumVisualStudioVersion = 10.0.40219.1
Project("{FAE04EC0-301F-11D3-BF4B-00C04F79EFBC}") = "SocketServer", "SocketServer\SocketServer.csproj", "{4FEEEE97-2AA4-4004-B972-E596E4864FB8}"
EndProject
Project("{FAE04EC0-301F-11D3-BF4B-00C04F79EFBC}") = "SocketClient", "SocketClient\SocketClient\SocketClient.csproj", "{0C2CE792-C015-48F8-8513-0B62A4C68E14}"
EndProject
Project("{FAE04EC0-301F-11D3-BF4B-00C04F79EFBC}") = "TestModel", "TestModel\TestModel.csproj", "{E3AC841A-8D7C-4FDD-B079-83A7AE421B72}"
EndProject
Project("{FAE04EC0-301F-11D3-BF4B-00C04F79EFBC}") = "DevelopHelpers", "DevelopHelpers\DevelopHelpers.csproj", "{3CC9F080-2F47-41B6-8E32-23B4BF102E3F}"
EndProject
Project("{FAE04EC0-301F-11D3-BF4B-00C04F79EFBC}") = "OutputTest", "OutputTest\OutputTest.csproj", "{AA148FD8-26FA-4AE7-906F-F1F08344913B}"
EndProject
Project("{2150E333-8FDC-42A3-9474-1A3956D46DE8}") = "Lib", "Lib", "{40E620EA-0BB0-4213-A709-A17C93ADCD42}"
EndProject
Project("{FAE04EC0-301F-11D3-BF4B-00C04F79EFBC}") = "MyPrismDome", "MyPrismDome\MyPrismDome.csproj", "{7B5341A0-DBB5-49F7-AD14-DB2661F6A349}"
EndProject
Project("{FAE04EC0-301F-11D3-BF4B-00C04F79EFBC}") = "MyPrismDomeView", "MyPrismDomeView\MyPrismDomeView.csproj", "{57E92FF9-55A4-4D6C-AD7F-8C4ECE59D35D}"
EndProject
Project("{FAE04EC0-301F-11D3-BF4B-00C04F79EFBC}") = "ORMSqlHelper", "ORMSqlHelper\ORMSqlHelper.csproj", "{AB170B49-8F5F-45EE-B921-D6738B572C05}"
EndProject
Project("{FAE04EC0-301F-11D3-BF4B-00C04F79EFBC}") = "ORMAtrributes", "ORMAtrributes\ORMAtrributes.csproj", "{2FB42D70-85EF-4D2A-A788-BEC652666BCE}"
EndProject
Global
	GlobalSection(SolutionConfigurationPlatforms) = preSolution
		Debug|Any CPU = Debug|Any CPU
		Release|Any CPU = Release|Any CPU
	EndGlobalSection
	GlobalSection(ProjectConfigurationPlatforms) = postSolution
		{4FEEEE97-2AA4-4004-B972-E596E4864FB8}.Debug|Any CPU.ActiveCfg = Debug|Any CPU
		{4FEEEE97-2AA4-4004-B972-E596E4864FB8}.Debug|Any CPU.Build.0 = Debug|Any CPU
		{4FEEEE97-2AA4-4004-B972-E596E4864FB8}.Release|Any CPU.ActiveCfg = Release|Any CPU
		{4FEEEE97-2AA4-4004-B972-E596E4864FB8}.Release|Any CPU.Build.0 = Release|Any CPU
		{0C2CE792-C015-48F8-8513-0B62A4C68E14}.Debug|Any CPU.ActiveCfg = Debug|Any CPU
		{0C2CE792-C015-48F8-8513-0B62A4C68E14}.Debug|Any CPU.Build.0 = Debug|Any CPU
		{0C2CE792-C015-48F8-8513-0B62A4C68E14}.Release|Any CPU.ActiveCfg = Release|Any CPU
		{0C2CE792-C015-48F8-8513-0B62A4C68E14}.Release|Any CPU.Build.0 = Release|Any CPU
		{E3AC841A-8D7C-4FDD-B079-83A7AE421B72}.Debug|Any CPU.ActiveCfg = Debug|Any CPU
		{E3AC841A-8D7C-4FDD-B079-83A7AE421B72}.Debug|Any CPU.Build.0 = Debug|Any CPU
		{E3AC841A-8D7C-4FDD-B079-83A7AE421B72}.Release|Any CPU.ActiveCfg = Release|Any CPU
		{E3AC841A-8D7C-4FDD-B079-83A7AE421B72}.Release|Any CPU.Build.0 = Release|Any CPU
		{3CC9F080-2F47-41B6-8E32-23B4BF102E3F}.Debug|Any CPU.ActiveCfg = Debug|Any CPU
		{3CC9F080-2F47-41B6-8E32-23B4BF102E3F}.Debug|Any CPU.Build.0 = Debug|Any CPU
		{3CC9F080-2F47-41B6-8E32-23B4BF102E3F}.Release|Any CPU.ActiveCfg = Release|Any CPU
		{3CC9F080-2F47-41B6-8E32-23B4BF102E3F}.Release|Any CPU.Build.0 = Release|Any CPU
		{AA148FD8-26FA-4AE7-906F-F1F08344913B}.Debug|Any CPU.ActiveCfg = Debug|Any CPU
		{AA148FD8-26FA-4AE7-906F-F1F08344913B}.Debug|Any CPU.Build.0 = Debug|Any CPU
		{AA148FD8-26FA-4AE7-906F-F1F08344913B}.Release|Any CPU.ActiveCfg = Release|Any CPU
		{AA148FD8-26FA-4AE7-906F-F1F08344913B}.Release|Any CPU.Build.0 = Release|Any CPU
		{7B5341A0-DBB5-49F7-AD14-DB2661F6A349}.Debug|Any CPU.ActiveCfg = Debug|Any CPU
		{7B5341A0-DBB5-49F7-AD14-DB2661F6A349}.Debug|Any CPU.Build.0 = Debug|Any CPU
		{7B5341A0-DBB5-49F7-AD14-DB2661F6A349}.Release|Any CPU.ActiveCfg = Release|Any CPU
		{7B5341A0-DBB5-49F7-AD14-DB2661F6A349}.Release|Any CPU.Build.0 = Release|Any CPU
		{57E92FF9-55A4-4D6C-AD7F-8C4ECE59D35D}.Debug|Any CPU.ActiveCfg = Debug|Any CPU
		{57E92FF9-55A4-4D6C-AD7F-8C4ECE59D35D}.Debug|Any CPU.Build.0 = Debug|Any CPU
		{57E92FF9-55A4-4D6C-AD7F-8C4ECE59D35D}.Release|Any CPU.ActiveCfg = Release|Any CPU
		{57E92FF9-55A4-4D6C-AD7F-8C4ECE59D35D}.Release|Any CPU.Build.0 = Release|Any CPU
		{AB170B49-8F5F-45EE-B921-D6738B572C05}.Debug|Any CPU.ActiveCfg = Debug|Any CPU
		{AB170B49-8F5F-45EE-B921-D6738B572C05}.Debug|Any CPU.Build.0 = Debug|Any CPU
		{AB170B49-8F5F-45EE-B921-D6738B572C05}.Release|Any CPU.ActiveCfg = Release|Any CPU
		{AB170B49-8F5F-45EE-B921-D6738B572C05}.Release|Any CPU.Build.0 = Release|Any CPU
		{2FB42D70-85EF-4D2A-A788-BEC652666BCE}.Debug|Any CPU.ActiveCfg = Debug|Any CPU
		{2FB42D70-85EF-4D2A-A788-BEC652666BCE}.Debug|Any CPU.Build.0 = Debug|Any CPU
		{2FB42D70-85EF-4D2A-A788-BEC652666BCE}.Release|Any CPU.ActiveCfg = Release|Any CPU
		{2FB42D70-85EF-4D2A-A788-BEC652666BCE}.Release|Any CPU.Build.0 = Release|Any CPU
	EndGlobalSection
	GlobalSection(SolutionProperties) = preSolution
		HideSolutionNode = FALSE
	EndGlobalSection
EndGlobal
